// !$*UTF8*$!
{
	archiveVersion = 1;
	classes = {
	};
	objectVersion = 77;
	objects = {

/* Begin PBXContainerItemProxy section */
		E7AA97A02D76D42400D55AE1 /* PBXContainerItemProxy */ = {
			isa = PBXContainerItemProxy;
			containerPortal = E7AA97812D76D42300D55AE1 /* Project object */;
			proxyType = 1;
			remoteGlobalIDString = E7AA97882D76D42300D55AE1;
			remoteInfo = "E-Mergency";
		};
		E7AA97AA2D76D42400D55AE1 /* PBXContainerItemProxy */ = {
			isa = PBXContainerItemProxy;
			containerPortal = E7AA97812D76D42300D55AE1 /* Project object */;
			proxyType = 1;
			remoteGlobalIDString = E7AA97882D76D42300D55AE1;
			remoteInfo = "E-Mergency";
		};
/* End PBXContainerItemProxy section */

/* Begin PBXFileReference section */
		E7AA97892D76D42300D55AE1 /* E-Mergency.app */ = {isa = PBXFileReference; explicitFileType = wrapper.application; includeInIndex = 0; path = "E-Mergency.app"; sourceTree = BUILT_PRODUCTS_DIR; };
		E7AA979F2D76D42400D55AE1 /* E-MergencyTests.xctest */ = {isa = PBXFileReference; explicitFileType = wrapper.cfbundle; includeInIndex = 0; path = "E-MergencyTests.xctest"; sourceTree = BUILT_PRODUCTS_DIR; };
		E7AA97A92D76D42400D55AE1 /* E-MergencyUITests.xctest */ = {isa = PBXFileReference; explicitFileType = wrapper.cfbundle; includeInIndex = 0; path = "E-MergencyUITests.xctest"; sourceTree = BUILT_PRODUCTS_DIR; };
/* End PBXFileReference section */

/* Begin PBXFileSystemSynchronizedBuildFileExceptionSet section */
		E7AA97B12D76D42400D55AE1 /* Exceptions for "E-Mergency" folder in "E-Mergency" target */ = {
			isa = PBXFileSystemSynchronizedBuildFileExceptionSet;
			membershipExceptions = (
				Info.plist,
			);
			target = E7AA97882D76D42300D55AE1 /* E-Mergency */;
		};
/* End PBXFileSystemSynchronizedBuildFileExceptionSet section */

/* Begin PBXFileSystemSynchronizedRootGroup section */
		E7AA978B2D76D42300D55AE1 /* E-Mergency */ = {
			isa = PBXFileSystemSynchronizedRootGroup;
			exceptions = (
				E7AA97B12D76D42400D55AE1 /* Exceptions for "E-Mergency" folder in "E-Mergency" target */,
			);
			path = "E-Mergency";
			sourceTree = "<group>";
		};
		E7AA97A22D76D42400D55AE1 /* E-MergencyTests */ = {
			isa = PBXFileSystemSynchronizedRootGroup;
			path = "E-MergencyTests";
			sourceTree = "<group>";
		};
		E7AA97AC2D76D42400D55AE1 /* E-MergencyUITests */ = {
			isa = PBXFileSystemSynchronizedRootGroup;
			path = "E-MergencyUITests";
			sourceTree = "<group>";
		};
/* End PBXFileSystemSynchronizedRootGroup section */

/* Begin PBXFrameworksBuildPhase section */
		E7AA97862D76D42300D55AE1 /* Frameworks */ = {
			isa = PBXFrameworksBuildPhase;
			buildActionMask = 2147483647;
			files = (
			);
			runOnlyForDeploymentPostprocessing = 0;
		};
		E7AA979C2D76D42400D55AE1 /* Frameworks */ = {
			isa = PBXFrameworksBuildPhase;
			buildActionMask = 2147483647;
			files = (
			);
			runOnlyForDeploymentPostprocessing = 0;
		};
		E7AA97A62D76D42400D55AE1 /* Frameworks */ = {
			isa = PBXFrameworksBuildPhase;
			buildActionMask = 2147483647;
			files = (
			);
			runOnlyForDeploymentPostprocessing = 0;
		};
/* End PBXFrameworksBuildPhase section */

/* Begin PBXGroup section */
		E7AA97802D76D42300D55AE1 = {
			isa = PBXGroup;
			children = (
				E7AA978B2D76D42300D55AE1 /* E-Mergency */,
				E7AA97A22D76D42400D55AE1 /* E-MergencyTests */,
				E7AA97AC2D76D42400D55AE1 /* E-MergencyUITests */,
				E7AA978A2D76D42300D55AE1 /* Products */,
			);
			sourceTree = "<group>";
		};
		E7AA978A2D76D42300D55AE1 /* Products */ = {
			isa = PBXGroup;
			children = (
				E7AA97892D76D42300D55AE1 /* E-Mergency.app */,
				E7AA979F2D76D42400D55AE1 /* E-MergencyTests.xctest */,
				E7AA97A92D76D42400D55AE1 /* E-MergencyUITests.xctest */,
			);
			name = Products;
			sourceTree = "<group>";
		};
/* End PBXGroup section */

/* Begin PBXNativeTarget section */
		E7AA97882D76D42300D55AE1 /* E-Mergency */ = {
			isa = PBXNativeTarget;
			buildConfigurationList = E7AA97B22D76D42400D55AE1 /* Build configuration list for PBXNativeTarget "E-Mergency" */;
			buildPhases = (
				E7AA97852D76D42300D55AE1 /* Sources */,
				E7AA97862D76D42300D55AE1 /* Frameworks */,
				E7AA97872D76D42300D55AE1 /* Resources */,
			);
			buildRules = (
			);
			dependencies = (
			);
			fileSystemSynchronizedGroups = (
				E7AA978B2D76D42300D55AE1 /* E-Mergency */,
			);
			name = "E-Mergency";
			packageProductDependencies = (
			);
			productName = "E-Mergency";
			productReference = E7AA97892D76D42300D55AE1 /* E-Mergency.app */;
			productType = "com.apple.product-type.application";
		};
		E7AA979E2D76D42400D55AE1 /* E-MergencyTests */ = {
			isa = PBXNativeTarget;
			buildConfigurationList = E7AA97B72D76D42400D55AE1 /* Build configuration list for PBXNativeTarget "E-MergencyTests" */;
			buildPhases = (
				E7AA979B2D76D42400D55AE1 /* Sources */,
				E7AA979C2D76D42400D55AE1 /* Frameworks */,
				E7AA979D2D76D42400D55AE1 /* Resources */,
			);
			buildRules = (
			);
			dependencies = (
				E7AA97A12D76D42400D55AE1 /* PBXTargetDependency */,
			);
			fileSystemSynchronizedGroups = (
				E7AA97A22D76D42400D55AE1 /* E-MergencyTests */,
			);
			name = "E-MergencyTests";
			packageProductDependencies = (
			);
			productName = "E-MergencyTests";
			productReference = E7AA979F2D76D42400D55AE1 /* E-MergencyTests.xctest */;
			productType = "com.apple.product-type.bundle.unit-test";
		};
		E7AA97A82D76D42400D55AE1 /* E-MergencyUITests */ = {
			isa = PBXNativeTarget;
			buildConfigurationList = E7AA97BA2D76D42400D55AE1 /* Build configuration list for PBXNativeTarget "E-MergencyUITests" */;
			buildPhases = (
				E7AA97A52D76D42400D55AE1 /* Sources */,
				E7AA97A62D76D42400D55AE1 /* Frameworks */,
				E7AA97A72D76D42400D55AE1 /* Resources */,
			);
			buildRules = (
			);
			dependencies = (
				E7AA97AB2D76D42400D55AE1 /* PBXTargetDependency */,
			);
			fileSystemSynchronizedGroups = (
				E7AA97AC2D76D42400D55AE1 /* E-MergencyUITests */,
			);
			name = "E-MergencyUITests";
			packageProductDependencies = (
			);
			productName = "E-MergencyUITests";
			productReference = E7AA97A92D76D42400D55AE1 /* E-MergencyUITests.xctest */;
			productType = "com.apple.product-type.bundle.ui-testing";
		};
/* End PBXNativeTarget section */

/* Begin PBXProject section */
		E7AA97812D76D42300D55AE1 /* Project object */ = {
			isa = PBXProject;
			attributes = {
				BuildIndependentTargetsInParallel = 1;
				LastSwiftUpdateCheck = 1620;
				LastUpgradeCheck = 1620;
				TargetAttributes = {
					E7AA97882D76D42300D55AE1 = {
						CreatedOnToolsVersion = 16.2;
					};
					E7AA979E2D76D42400D55AE1 = {
						CreatedOnToolsVersion = 16.2;
						TestTargetID = E7AA97882D76D42300D55AE1;
					};
					E7AA97A82D76D42400D55AE1 = {
						CreatedOnToolsVersion = 16.2;
						TestTargetID = E7AA97882D76D42300D55AE1;
					};
				};
			};
			buildConfigurationList = E7AA97842D76D42300D55AE1 /* Build configuration list for PBXProject "E-Mergency" */;
			developmentRegion = en;
			hasScannedForEncodings = 0;
			knownRegions = (
				en,
				Base,
			);
			mainGroup = E7AA97802D76D42300D55AE1;
			minimizedProjectReferenceProxies = 1;
			preferredProjectObjectVersion = 77;
			productRefGroup = E7AA978A2D76D42300D55AE1 /* Products */;
			projectDirPath = "";
			projectRoot = "";
			targets = (
				E7AA97882D76D42300D55AE1 /* E-Mergency */,
				E7AA979E2D76D42400D55AE1 /* E-MergencyTests */,
				E7AA97A82D76D42400D55AE1 /* E-MergencyUITests */,
			);
		};
/* End PBXProject section */

/* Begin PBXResourcesBuildPhase section */
		E7AA97872D76D42300D55AE1 /* Resources */ = {
			isa = PBXResourcesBuildPhase;
			buildActionMask = 2147483647;
			files = (
			);
			runOnlyForDeploymentPostprocessing = 0;
		};
		E7AA979D2D76D42400D55AE1 /* Resources */ = {
			isa = PBXResourcesBuildPhase;
			buildActionMask = 2147483647;
			files = (
			);
			runOnlyForDeploymentPostprocessing = 0;
		};
		E7AA97A72D76D42400D55AE1 /* Resources */ = {
			isa = PBXResourcesBuildPhase;
			buildActionMask = 2147483647;
			files = (
			);
			runOnlyForDeploymentPostprocessing = 0;
		};
/* End PBXResourcesBuildPhase section */

/* Begin PBXSourcesBuildPhase section */
		E7AA97852D76D42300D55AE1 /* Sources */ = {
			isa = PBXSourcesBuildPhase;
			buildActionMask = 2147483647;
			files = (
			);
			runOnlyForDeploymentPostprocessing = 0;
		};
		E7AA979B2D76D42400D55AE1 /* Sources */ = {
			isa = PBXSourcesBuildPhase;
			buildActionMask = 2147483647;
			files = (
			);
			runOnlyForDeploymentPostprocessing = 0;
		};
		E7AA97A52D76D42400D55AE1 /* Sources */ = {
			isa = PBXSourcesBuildPhase;
			buildActionMask = 2147483647;
			files = (
			);
			runOnlyForDeploymentPostprocessing = 0;
		};
/* End PBXSourcesBuildPhase section */

/* Begin PBXTargetDependency section */
		E7AA97A12D76D42400D55AE1 /* PBXTargetDependency */ = {
			isa = PBXTargetDependency;
			target = E7AA97882D76D42300D55AE1 /* E-Mergency */;
			targetProxy = E7AA97A02D76D42400D55AE1 /* PBXContainerItemProxy */;
		};
		E7AA97AB2D76D42400D55AE1 /* PBXTargetDependency */ = {
			isa = PBXTargetDependency;
			target = E7AA97882D76D42300D55AE1 /* E-Mergency */;
			targetProxy = E7AA97AA2D76D42400D55AE1 /* PBXContainerItemProxy */;
		};
/* End PBXTargetDependency section */

/* Begin XCBuildConfiguration section */
		E7AA97B32D76D42400D55AE1 /* Debug */ = {
			isa = XCBuildConfiguration;
			buildSettings = {
				ASSETCATALOG_COMPILER_APPICON_NAME = AppIcon;
				ASSETCATALOG_COMPILER_GLOBAL_ACCENT_COLOR_NAME = AccentColor;
				CODE_SIGN_STYLE = Automatic;
				CURRENT_PROJECT_VERSION = 1;
				GENERATE_INFOPLIST_FILE = YES;
				INFOPLIST_FILE = "E-Mergency/Info.plist";
				INFOPLIST_KEY_UIApplicationSupportsIndirectInputEvents = YES;
				INFOPLIST_KEY_UILaunchStoryboardName = LaunchScreen;
				INFOPLIST_KEY_UIMainStoryboardFile = Main;
				INFOPLIST_KEY_UISupportedInterfaceOrientations_iPad = "UIInterfaceOrientationPortrait UIInterfaceOrientationPortraitUpsideDown UIInterfaceOrientationLandscapeLeft UIInterfaceOrientationLandscapeRight";
				INFOPLIST_KEY_UISupportedInterfaceOrientations_iPhone = "UIInterfaceOrientationPortrait UIInterfaceOrientationLandscapeLeft UIInterfaceOrientationLandscapeRight";
				LD_RUNPATH_SEARCH_PATHS = (
					"$(inherited)",
					"@executable_path/Frameworks",
				);
				MARKETING_VERSION = 1.0;
				PRODUCT_BUNDLE_IDENTIFIER = "epylson.E-Mergency";
				PRODUCT_NAME = "$(TARGET_NAME)";
				SWIFT_EMIT_LOC_STRINGS = YES;
				SWIFT_VERSION = 5.0;
				TARGETED_DEVICE_FAMILY = "1,2";
			};
			name = Debug;
		};
		E7AA97B42D76D42400D55AE1 /* Release */ = {
			isa = XCBuildConfiguration;
			buildSettings = {
				ASSETCATALOG_COMPILER_APPICON_NAME = AppIcon;
				ASSETCATALOG_COMPILER_GLOBAL_ACCENT_COLOR_NAME = AccentColor;
				CODE_SIGN_STYLE = Automatic;
				CURRENT_PROJECT_VERSION = 1;
				GENERATE_INFOPLIST_FILE = YES;
				INFOPLIST_FILE = "E-Mergency/Info.plist";
				INFOPLIST_KEY_UIApplicationSupportsIndirectInputEvents = YES;
				INFOPLIST_KEY_UILaunchStoryboardName = LaunchScreen;
				INFOPLIST_KEY_UIMainStoryboardFile = Main;
				INFOPLIST_KEY_UISupportedInterfaceOrientations_iPad = "UIInterfaceOrientationPortrait UIInterfaceOrientationPortraitUpsideDown UIInterfaceOrientationLandscapeLeft UIInterfaceOrientationLandscapeRight";
				INFOPLIST_KEY_UISupportedInterfaceOrientations_iPhone = "UIInterfaceOrientationPortrait UIInterfaceOrientationLandscapeLeft UIInterfaceOrientationLandscapeRight";
				LD_RUNPATH_SEARCH_PATHS = (
					"$(inherited)",
					"@executable_path/Frameworks",
				);
				MARKETING_VERSION = 1.0;
				PRODUCT_BUNDLE_IDENTIFIER = "epylson.E-Mergency";
				PRODUCT_NAME = "$(TARGET_NAME)";
				SWIFT_EMIT_LOC_STRINGS = YES;
				SWIFT_VERSION = 5.0;
				TARGETED_DEVICE_FAMILY = "1,2";
			};
			name = Release;
		};
		E7AA97B52D76D42400D55AE1 /* Debug */ = {
			isa = XCBuildConfiguration;
			buildSettings = {
				ALWAYS_SEARCH_USER_PATHS = NO;
				ASSETCATALOG_COMPILER_GENERATE_SWIFT_ASSET_SYMBOL_EXTENSIONS = YES;
				CLANG_ANALYZER_NONNULL = YES;
				CLANG_ANALYZER_NUMBER_OBJECT_CONVERSION = YES_AGGRESSIVE;
				CLANG_CXX_LANGUAGE_STANDARD = "gnu++20";
				CLANG_ENABLE_MODULES = YES;
				CLANG_ENABLE_OBJC_ARC = YES;
				CLANG_ENABLE_OBJC_WEAK = YES;
				CLANG_WARN_BLOCK_CAPTURE_AUTORELEASING = YES;
				CLANG_WARN_BOOL_CONVERSION = YES;
				CLANG_WARN_COMMA = YES;
				CLANG_WARN_CONSTANT_CONVERSION = YES;
				CLANG_WARN_DEPRECATED_OBJC_IMPLEMENTATIONS = YES;
				CLANG_WARN_DIRECT_OBJC_ISA_USAGE = YES_ERROR;
				CLANG_WARN_DOCUMENTATION_COMMENTS = YES;
				CLANG_WARN_EMPTY_BODY = YES;
				CLANG_WARN_ENUM_CONVERSION = YES;
				CLANG_WARN_INFINITE_RECURSION = YES;
				CLANG_WARN_INT_CONVERSION = YES;
				CLANG_WARN_NON_LITERAL_NULL_CONVERSION = YES;
				CLANG_WARN_OBJC_IMPLICIT_RETAIN_SELF = YES;
				CLANG_WARN_OBJC_LITERAL_CONVERSION = YES;
				CLANG_WARN_OBJC_ROOT_CLASS = YES_ERROR;
				CLANG_WARN_QUOTED_INCLUDE_IN_FRAMEWORK_HEADER = YES;
				CLANG_WARN_RANGE_LOOP_ANALYSIS = YES;
				CLANG_WARN_STRICT_PROTOTYPES = YES;
				CLANG_WARN_SUSPICIOUS_MOVE = YES;
				CLANG_WARN_UNGUARDED_AVAILABILITY = YES_AGGRESSIVE;
				CLANG_WARN_UNREACHABLE_CODE = YES;
				CLANG_WARN__DUPLICATE_METHOD_MATCH = YES;
				COPY_PHASE_STRIP = NO;
				DEBUG_INFORMATION_FORMAT = dwarf;
				ENABLE_STRICT_OBJC_MSGSEND = YES;
				ENABLE_TESTABILITY = YES;
				ENABLE_USER_SCRIPT_SANDBOXING = YES;
				GCC_C_LANGUAGE_STANDARD = gnu17;
				GCC_DYNAMIC_NO_PIC = NO;
				GCC_NO_COMMON_BLOCKS = YES;
				GCC_OPTIMIZATION_LEVEL = 0;
				GCC_PREPROCESSOR_DEFINITIONS = (
					"DEBUG=1",
					"$(inherited)",
				);
				GCC_WARN_64_TO_32_BIT_CONVERSION = YES;
				GCC_WARN_ABOUT_RETURN_TYPE = YES_ERROR;
				GCC_WARN_UNDECLARED_SELECTOR = YES;
				GCC_WARN_UNINITIALIZED_AUTOS = YES_AGGRESSIVE;
				GCC_WARN_UNUSED_FUNCTION = YES;
				GCC_WARN_UNUSED_VARIABLE = YES;
				IPHONEOS_DEPLOYMENT_TARGET = 18.2;
				LOCALIZATION_PREFERS_STRING_CATALOGS = YES;
				MTL_ENABLE_DEBUG_INFO = INCLUDE_SOURCE;
				MTL_FAST_MATH = YES;
				ONLY_ACTIVE_ARCH = YES;
				SDKROOT = iphoneos;
				SWIFT_ACTIVE_COMPILATION_CONDITIONS = "DEBUG $(inherited)";
				SWIFT_OPTIMIZATION_LEVEL = "-Onone";
			};
			name = Debug;
		};
		E7AA97B62D76D42400D55AE1 /* Release */ = {
			isa = XCBuildConfiguration;
			buildSettings = {
				ALWAYS_SEARCH_USER_PATHS = NO;
				ASSETCATALOG_COMPILER_GENERATE_SWIFT_ASSET_SYMBOL_EXTENSIONS = YES;
				CLANG_ANALYZER_NONNULL = YES;
				CLANG_ANALYZER_NUMBER_OBJECT_CONVERSION = YES_AGGRESSIVE;
				CLANG_CXX_LANGUAGE_STANDARD = "gnu++20";
				CLANG_ENABLE_MODULES = YES;
				CLANG_ENABLE_OBJC_ARC = YES;
				CLANG_ENABLE_OBJC_WEAK = YES;
				CLANG_WARN_BLOCK_CAPTURE_AUTORELEASING = YES;
				CLANG_WARN_BOOL_CONVERSION = YES;
				CLANG_WARN_COMMA = YES;
				CLANG_WARN_CONSTANT_CONVERSION = YES;
				CLANG_WARN_DEPRECATED_OBJC_IMPLEMENTATIONS = YES;
				CLANG_WARN_DIRECT_OBJC_ISA_USAGE = YES_ERROR;
				CLANG_WARN_DOCUMENTATION_COMMENTS = YES;
				CLANG_WARN_EMPTY_BODY = YES;
				CLANG_WARN_ENUM_CONVERSION = YES;
				CLANG_WARN_INFINITE_RECURSION = YES;
				CLANG_WARN_INT_CONVERSION = YES;
				CLANG_WARN_NON_LITERAL_NULL_CONVERSION = YES;
				CLANG_WARN_OBJC_IMPLICIT_RETAIN_SELF = YES;
				CLANG_WARN_OBJC_LITERAL_CONVERSION = YES;
				CLANG_WARN_OBJC_ROOT_CLASS = YES_ERROR;
				CLANG_WARN_QUOTED_INCLUDE_IN_FRAMEWORK_HEADER = YES;
				CLANG_WARN_RANGE_LOOP_ANALYSIS = YES;
				CLANG_WARN_STRICT_PROTOTYPES = YES;
				CLANG_WARN_SUSPICIOUS_MOVE = YES;
				CLANG_WARN_UNGUARDED_AVAILABILITY = YES_AGGRESSIVE;
				CLANG_WARN_UNREACHABLE_CODE = YES;
				CLANG_WARN__DUPLICATE_METHOD_MATCH = YES;
				COPY_PHASE_STRIP = NO;
				DEBUG_INFORMATION_FORMAT = "dwarf-with-dsym";
				ENABLE_NS_ASSERTIONS = NO;
				ENABLE_STRICT_OBJC_MSGSEND = YES;
				ENABLE_USER_SCRIPT_SANDBOXING = YES;
				GCC_C_LANGUAGE_STANDARD = gnu17;
				GCC_NO_COMMON_BLOCKS = YES;
				GCC_WARN_64_TO_32_BIT_CONVERSION = YES;
				GCC_WARN_ABOUT_RETURN_TYPE = YES_ERROR;
				GCC_WARN_UNDECLARED_SELECTOR = YES;
				GCC_WARN_UNINITIALIZED_AUTOS = YES_AGGRESSIVE;
				GCC_WARN_UNUSED_FUNCTION = YES;
				GCC_WARN_UNUSED_VARIABLE = YES;
				IPHONEOS_DEPLOYMENT_TARGET = 18.2;
				LOCALIZATION_PREFERS_STRING_CATALOGS = YES;
				MTL_ENABLE_DEBUG_INFO = NO;
				MTL_FAST_MATH = YES;
				SDKROOT = iphoneos;
				SWIFT_COMPILATION_MODE = wholemodule;
				VALIDATE_PRODUCT = YES;
			};
			name = Release;
		};
		E7AA97B82D76D42400D55AE1 /* Debug */ = {
			isa = XCBuildConfiguration;
			buildSettings = {
				BUNDLE_LOADER = "$(TEST_HOST)";
				CODE_SIGN_STYLE = Automatic;
				CURRENT_PROJECT_VERSION = 1;
				GENERATE_INFOPLIST_FILE = YES;
				IPHONEOS_DEPLOYMENT_TARGET = 18.2;
				MARKETING_VERSION = 1.0;
				PRODUCT_BUNDLE_IDENTIFIER = "epylson.E-MergencyTests";
				PRODUCT_NAME = "$(TARGET_NAME)";
				SWIFT_EMIT_LOC_STRINGS = NO;
				SWIFT_VERSION = 5.0;
				TARGETED_DEVICE_FAMILY = "1,2";
				TEST_HOST = "$(BUILT_PRODUCTS_DIR)/E-Mergency.app/$(BUNDLE_EXECUTABLE_FOLDER_PATH)/E-Mergency";
			};
			name = Debug;
		};
		E7AA97B92D76D42400D55AE1 /* Release */ = {
			isa = XCBuildConfiguration;
			buildSettings = {
				BUNDLE_LOADER = "$(TEST_HOST)";
				CODE_SIGN_STYLE = Automatic;
				CURRENT_PROJECT_VERSION = 1;
				GENERATE_INFOPLIST_FILE = YES;
				IPHONEOS_DEPLOYMENT_TARGET = 18.2;
				MARKETING_VERSION = 1.0;
				PRODUCT_BUNDLE_IDENTIFIER = "epylson.E-MergencyTests";
				PRODUCT_NAME = "$(TARGET_NAME)";
				SWIFT_EMIT_LOC_STRINGS = NO;
				SWIFT_VERSION = 5.0;
				TARGETED_DEVICE_FAMILY = "1,2";
				TEST_HOST = "$(BUILT_PRODUCTS_DIR)/E-Mergency.app/$(BUNDLE_EXECUTABLE_FOLDER_PATH)/E-Mergency";
			};
			name = Release;
		};
		E7AA97BB2D76D42400D55AE1 /* Debug */ = {
			isa = XCBuildConfiguration;
			buildSettings = {
				CODE_SIGN_STYLE = Automatic;
				CURRENT_PROJECT_VERSION = 1;
				GENERATE_INFOPLIST_FILE = YES;
				MARKETING_VERSION = 1.0;
				PRODUCT_BUNDLE_IDENTIFIER = "epylson.E-MergencyUITests";
				PRODUCT_NAME = "$(TARGET_NAME)";
				SWIFT_EMIT_LOC_STRINGS = NO;
				SWIFT_VERSION = 5.0;
				TARGETED_DEVICE_FAMILY = "1,2";
				TEST_TARGET_NAME = "E-Mergency";
			};
			name = Debug;
		};
		E7AA97BC2D76D42400D55AE1 /* Release */ = {
			isa = XCBuildConfiguration;
			buildSettings = {
				CODE_SIGN_STYLE = Automatic;
				CURRENT_PROJECT_VERSION = 1;
				GENERATE_INFOPLIST_FILE = YES;
				MARKETING_VERSION = 1.0;
				PRODUCT_BUNDLE_IDENTIFIER = "epylson.E-MergencyUITests";
				PRODUCT_NAME = "$(TARGET_NAME)";
				SWIFT_EMIT_LOC_STRINGS = NO;
				SWIFT_VERSION = 5.0;
				TARGETED_DEVICE_FAMILY = "1,2";
				TEST_TARGET_NAME = "E-Mergency";
			};
			name = Release;
		};
/* End XCBuildConfiguration section */

/* Begin XCConfigurationList section */
		E7AA97842D76D42300D55AE1 /* Build configuration list for PBXProject "E-Mergency" */ = {
			isa = XCConfigurationList;
			buildConfigurations = (
				E7AA97B52D76D42400D55AE1 /* Debug */,
				E7AA97B62D76D42400D55AE1 /* Release */,
			);
			defaultConfigurationIsVisible = 0;
			defaultConfigurationName = Release;
		};
		E7AA97B22D76D42400D55AE1 /* Build configuration list for PBXNativeTarget "E-Mergency" */ = {
			isa = XCConfigurationList;
			buildConfigurations = (
				E7AA97B32D76D42400D55AE1 /* Debug */,
				E7AA97B42D76D42400D55AE1 /* Release */,
			);
			defaultConfigurationIsVisible = 0;
			defaultConfigurationName = Release;
		};
		E7AA97B72D76D42400D55AE1 /* Build configuration list for PBXNativeTarget "E-MergencyTests" */ = {
			isa = XCConfigurationList;
			buildConfigurations = (
				E7AA97B82D76D42400D55AE1 /* Debug */,
				E7AA97B92D76D42400D55AE1 /* Release */,
			);
			defaultConfigurationIsVisible = 0;
			defaultConfigurationName = Release;
		};
		E7AA97BA2D76D42400D55AE1 /* Build configuration list for PBXNativeTarget "E-MergencyUITests" */ = {
			isa = XCConfigurationList;
			buildConfigurations = (
				E7AA97BB2D76D42400D55AE1 /* Debug */,
				E7AA97BC2D76D42400D55AE1 /* Release */,
			);
			defaultConfigurationIsVisible = 0;
			defaultConfigurationName = Release;
		};
/* End XCConfigurationList section */
	};
	rootObject = E7AA97812D76D42300D55AE1 /* Project object */;
}
